
Microsoft Visual Studio Solution File, Format Version 12.00
# Visual Studio 2013
VisualStudioVersion = 12.0.20827.3
MinimumVisualStudioVersion = 10.0.40219.1
Project("{2150E333-8FDC-42A3-9474-1A3956D46DE8}") = "Solution Items", "Solution Items", "{7CD56D22-AAAA-4A93-8D98-1A014D9A6D39}"
	ProjectSection(SolutionItems) = preProject
		Cleanup.txt = Cleanup.txt
		CodingGuidelines.txt = CodingGuidelines.txt
		VsVim.nunit = VsVim.nunit
	EndProjectSection
EndProject
Project("{F2A71F9B-5D33-465A-A702-920D77279786}") = "VimCore", "Src\VimCore\VimCore.fsproj", "{06BE08E7-8626-40BD-877B-8D2DCA6BA451}"
EndProject
Project("{FAE04EC0-301F-11D3-BF4B-00C04F79EFBC}") = "VimCoreTest", "Test\VimCoreTest\VimCoreTest.csproj", "{B4FC7C81-E500-47C8-A884-2DBB7CA77123}"
EndProject
Project("{FAE04EC0-301F-11D3-BF4B-00C04F79EFBC}") = "VimWpf", "Src\VimWpf\VimWpf.csproj", "{65A749E0-F1B1-4E43-BE73-25072EE398C6}"
EndProject
Project("{FAE04EC0-301F-11D3-BF4B-00C04F79EFBC}") = "VimWpfTest", "Test\VimWpfTest\VimWpfTest.csproj", "{797C1463-3984-47BE-8CD2-4FF68D1E30DA}"
EndProject
Project("{FAE04EC0-301F-11D3-BF4B-00C04F79EFBC}") = "VimApp", "Src\VimApp\VimApp.csproj", "{8DB1C327-21A1-448B-A7A1-23EEF6BAA785}"
EndProject
Global
	GlobalSection(SolutionConfigurationPlatforms) = preSolution
		Debug|Any CPU = Debug|Any CPU
		Debug|Mixed Platforms = Debug|Mixed Platforms
		Debug|x86 = Debug|x86
		Release|Any CPU = Release|Any CPU
		Release|Mixed Platforms = Release|Mixed Platforms
		Release|x86 = Release|x86
	EndGlobalSection
	GlobalSection(ProjectConfigurationPlatforms) = postSolution
		{06BE08E7-8626-40BD-877B-8D2DCA6BA451}.Debug|Any CPU.ActiveCfg = Debug|Any CPU
		{06BE08E7-8626-40BD-877B-8D2DCA6BA451}.Debug|Any CPU.Build.0 = Debug|Any CPU
		{06BE08E7-8626-40BD-877B-8D2DCA6BA451}.Debug|Mixed Platforms.ActiveCfg = Debug|Any CPU
		{06BE08E7-8626-40BD-877B-8D2DCA6BA451}.Debug|Mixed Platforms.Build.0 = Debug|Any CPU
		{06BE08E7-8626-40BD-877B-8D2DCA6BA451}.Debug|x86.ActiveCfg = Debug|Any CPU
		{06BE08E7-8626-40BD-877B-8D2DCA6BA451}.Release|Any CPU.ActiveCfg = Release|Any CPU
		{06BE08E7-8626-40BD-877B-8D2DCA6BA451}.Release|Any CPU.Build.0 = Release|Any CPU
		{06BE08E7-8626-40BD-877B-8D2DCA6BA451}.Release|Mixed Platforms.ActiveCfg = Release|Any CPU
		{06BE08E7-8626-40BD-877B-8D2DCA6BA451}.Release|Mixed Platforms.Build.0 = Release|Any CPU
		{06BE08E7-8626-40BD-877B-8D2DCA6BA451}.Release|x86.ActiveCfg = Release|Any CPU
		{B4FC7C81-E500-47C8-A884-2DBB7CA77123}.Debug|Any CPU.ActiveCfg = Debug|Any CPU
		{B4FC7C81-E500-47C8-A884-2DBB7CA77123}.Debug|Any CPU.Build.0 = Debug|Any CPU
		{B4FC7C81-E500-47C8-A884-2DBB7CA77123}.Debug|Mixed Platforms.ActiveCfg = Debug|Any CPU
		{B4FC7C81-E500-47C8-A884-2DBB7CA77123}.Debug|Mixed Platforms.Build.0 = Debug|Any CPU
		{B4FC7C81-E500-47C8-A884-2DBB7CA77123}.Debug|x86.ActiveCfg = Debug|Any CPU
		{B4FC7C81-E500-47C8-A884-2DBB7CA77123}.Release|Any CPU.ActiveCfg = Release|Any CPU
		{B4FC7C81-E500-47C8-A884-2DBB7CA77123}.Release|Any CPU.Build.0 = Release|Any CPU
		{B4FC7C81-E500-47C8-A884-2DBB7CA77123}.Release|Mixed Platforms.ActiveCfg = Release|Any CPU
		{B4FC7C81-E500-47C8-A884-2DBB7CA77123}.Release|Mixed Platforms.Build.0 = Release|Any CPU
		{B4FC7C81-E500-47C8-A884-2DBB7CA77123}.Release|x86.ActiveCfg = Release|Any CPU
		{65A749E0-F1B1-4E43-BE73-25072EE398C6}.Debug|Any CPU.ActiveCfg = Debug|Any CPU
		{65A749E0-F1B1-4E43-BE73-25072EE398C6}.Debug|Any CPU.Build.0 = Debug|Any CPU
		{65A749E0-F1B1-4E43-BE73-25072EE398C6}.Debug|Mixed Platforms.ActiveCfg = Debug|Any CPU
		{65A749E0-F1B1-4E43-BE73-25072EE398C6}.Debug|Mixed Platforms.Build.0 = Debug|Any CPU
		{65A749E0-F1B1-4E43-BE73-25072EE398C6}.Debug|x86.ActiveCfg = Debug|Any CPU
		{65A749E0-F1B1-4E43-BE73-25072EE398C6}.Release|Any CPU.ActiveCfg = Release|Any CPU
		{65A749E0-F1B1-4E43-BE73-25072EE398C6}.Release|Any CPU.Build.0 = Release|Any CPU
		{65A749E0-F1B1-4E43-BE73-25072EE398C6}.Release|Mixed Platforms.ActiveCfg = Release|Any CPU
		{65A749E0-F1B1-4E43-BE73-25072EE398C6}.Release|Mixed Platforms.Build.0 = Release|Any CPU
		{65A749E0-F1B1-4E43-BE73-25072EE398C6}.Release|x86.ActiveCfg = Release|Any CPU
		{797C1463-3984-47BE-8CD2-4FF68D1E30DA}.Debug|Any CPU.ActiveCfg = Debug|Any CPU
		{797C1463-3984-47BE-8CD2-4FF68D1E30DA}.Debug|Any CPU.Build.0 = Debug|Any CPU
		{797C1463-3984-47BE-8CD2-4FF68D1E30DA}.Debug|Mixed Platforms.ActiveCfg = Debug|Any CPU
		{797C1463-3984-47BE-8CD2-4FF68D1E30DA}.Debug|Mixed Platforms.Build.0 = Debug|Any CPU
		{797C1463-3984-47BE-8CD2-4FF68D1E30DA}.Debug|x86.ActiveCfg = Debug|Any CPU
		{797C1463-3984-47BE-8CD2-4FF68D1E30DA}.Release|Any CPU.ActiveCfg = Release|Any CPU
		{797C1463-3984-47BE-8CD2-4FF68D1E30DA}.Release|Any CPU.Build.0 = Release|Any CPU
		{797C1463-3984-47BE-8CD2-4FF68D1E30DA}.Release|Mixed Platforms.ActiveCfg = Release|Any CPU
		{797C1463-3984-47BE-8CD2-4FF68D1E30DA}.Release|Mixed Platforms.Build.0 = Release|Any CPU
		{797C1463-3984-47BE-8CD2-4FF68D1E30DA}.Release|x86.ActiveCfg = Release|Any CPU
		{8DB1C327-21A1-448B-A7A1-23EEF6BAA785}.Debug|Any CPU.ActiveCfg = Debug|x86
		{8DB1C327-21A1-448B-A7A1-23EEF6BAA785}.Debug|Mixed Platforms.ActiveCfg = Debug|x86
		{8DB1C327-21A1-448B-A7A1-23EEF6BAA785}.Debug|Mixed Platforms.Build.0 = Debug|x86
		{8DB1C327-21A1-448B-A7A1-23EEF6BAA785}.Debug|x86.ActiveCfg = Debug|x86
		{8DB1C327-21A1-448B-A7A1-23EEF6BAA785}.Debug|x86.Build.0 = Debug|x86
		{8DB1C327-21A1-448B-A7A1-23EEF6BAA785}.Release|Any CPU.ActiveCfg = Release|x86
		{8DB1C327-21A1-448B-A7A1-23EEF6BAA785}.Release|Mixed Platforms.ActiveCfg = Release|x86
		{8DB1C327-21A1-448B-A7A1-23EEF6BAA785}.Release|Mixed Platforms.Build.0 = Release|x86
		{8DB1C327-21A1-448B-A7A1-23EEF6BAA785}.Release|x86.ActiveCfg = Release|x86
		{8DB1C327-21A1-448B-A7A1-23EEF6BAA785}.Release|x86.Build.0 = Release|x86
	EndGlobalSection
	GlobalSection(SolutionProperties) = preSolution
		HideSolutionNode = FALSE
	EndGlobalSection
	GlobalSection(TestCaseManagementSettings) = postSolution
		CategoryFile = VsVim.vsmdi
	EndGlobalSection
EndGlobal
