
Microsoft Visual Studio Solution File, Format Version 12.00
# Visual Studio Version 17
VisualStudioVersion = 17.0.31512.422
MinimumVisualStudioVersion = 10.0.40219.1
Project("{2150E333-8FDC-42A3-9474-1A3956D46DE8}") = "Solution Items", "Solution Items", "{7CD56D22-AAAA-4A93-8D98-1A014D9A6D39}"
	ProjectSection(SolutionItems) = preProject
		appveyor.yml = appveyor.yml
		CODE_OF_CONDUCT.md = CODE_OF_CONDUCT.md
		CONTRIBUTING.md = CONTRIBUTING.md
		Directory.Build.props = Directory.Build.props
		Directory.Build.targets = Directory.Build.targets
		License.txt = License.txt
		README.ch.md = README.ch.md
		README.md = README.md
	EndProjectSection
EndProject
Project("{9A19103F-16F7-4668-BE54-9A1E7A4F7556}") = "VimApp", "Src\VimApp\VimApp.csproj", "{8DB1C327-21A1-448B-A7A1-23EEF6BAA785}"
EndProject
Project("{9A19103F-16F7-4668-BE54-9A1E7A4F7556}") = "CleanVsix", "Src\CleanVsix\CleanVsix.csproj", "{04DA2433-0F43-42C0-AD53-DAA7F1B22E2D}"
EndProject
Project("{2150E333-8FDC-42A3-9474-1A3956D46DE8}") = "Documentation", "Documentation", "{E112A054-F81F-4775-B456-EA82B71C573A}"
	ProjectSection(SolutionItems) = preProject
		Documentation\CodingGuidelines.md = Documentation\CodingGuidelines.md
		Documentation\CSharp scripting.md = Documentation\CSharp scripting.md
		Documentation\Multiple Selections.md = Documentation\Multiple Selections.md
		Documentation\older-drops.md = Documentation\older-drops.md
		Documentation\Project Goals.md = Documentation\Project Goals.md
		Documentation\release-notes.md = Documentation\release-notes.md
		Documentation\Supported Features.md = Documentation\Supported Features.md
	EndProjectSection
EndProject
Project("{6EC3EE1D-3C4E-46DD-8F32-0CC8E7565705}") = "VimCore", "Src\VimCore\VimCore.fsproj", "{333D15E0-96F8-4B87-8B03-467220EED275}"
EndProject
Project("{9A19103F-16F7-4668-BE54-9A1E7A4F7556}") = "VimMac", "Src\VimMac\VimMac.csproj", "{33887119-3C41-4D8B-9A54-14AE8B2212B1}"
EndProject
Project("{D954291E-2A0B-460D-934E-DC6B0785DB48}") = "VsVimShared", "Src\VsVimShared\VsVimShared.shproj", "{6DBED15C-FC2C-46E9-914D-685518573F0D}"
EndProject
Project("{9A19103F-16F7-4668-BE54-9A1E7A4F7556}") = "VsVim2017", "Src\VsVim2017\VsVim2017.csproj", "{2E2A2014-666C-4B22-83F2-4A94102247C6}"
EndProject
Project("{D954291E-2A0B-460D-934E-DC6B0785DB48}") = "VsVimSharedTest", "Test\VsVimSharedTest\VsVimSharedTest.shproj", "{5F7F6C25-D91C-4143-AC7D-DF29A0A831EF}"
EndProject
Project("{D954291E-2A0B-460D-934E-DC6B0785DB48}") = "VimEditorHost", "Src\VimEditorHost\VimEditorHost.shproj", "{5E2E483E-6D89-4C17-B4A6-7153654B06BF}"
EndProject
Project("{9A19103F-16F7-4668-BE54-9A1E7A4F7556}") = "VsVim2019", "Src\VsVim2019\VsVim2019.csproj", "{1AACC1AC-A8C6-4281-A080-91A4A3C5F21D}"
EndProject
Project("{9A19103F-16F7-4668-BE54-9A1E7A4F7556}") = "VsVimTest2017", "Test\VsVimTest2017\VsVimTest2017.csproj", "{E9FB3820-5279-4489-B9C7-6FDBF44F07F2}"
EndProject
Project("{9A19103F-16F7-4668-BE54-9A1E7A4F7556}") = "VsVimTest2019", "Test\VsVimTest2019\VsVimTest2019.csproj", "{FF0EE51E-BF6D-4A81-A5D3-7EF572F68303}"
EndProject
Project("{9A19103F-16F7-4668-BE54-9A1E7A4F7556}") = "VimTestUtils", "Src\VimTestUtils\VimTestUtils.csproj", "{AFA7BF34-3687-453F-80A0-46396ACE5E78}"
EndProject
Project("{D954291E-2A0B-460D-934E-DC6B0785DB48}") = "VimWpf", "Src\VimWpf\VimWpf.shproj", "{648972D9-1A17-46D8-80C6-6810C5B8B4AE}"
EndProject
Project("{D954291E-2A0B-460D-934E-DC6B0785DB48}") = "VimWpfTest", "Test\VimWpfTest\VimWpfTest.shproj", "{A24506E5-0602-4472-94D2-FB02772438A6}"
EndProject
Project("{9A19103F-16F7-4668-BE54-9A1E7A4F7556}") = "VimCoreTest2017", "Test\VimCoreTest2017\VimCoreTest2017.csproj", "{D4E5690F-7D39-4429-8786-D135DAEC7BFE}"
EndProject
Project("{9A19103F-16F7-4668-BE54-9A1E7A4F7556}") = "VimCoreTest2019", "Test\VimCoreTest2019\VimCoreTest2019.csproj", "{CDC4A709-78AB-4C1F-949E-39870F9657EC}"
EndProject
Project("{D954291E-2A0B-460D-934E-DC6B0785DB48}") = "VimCoreTest", "Test\VimCoreTest\VimCoreTest.shproj", "{1746BB8D-387D-40AB-A9F9-084A7A0676EA}"
EndProject
Project("{9A19103F-16F7-4668-BE54-9A1E7A4F7556}") = "VimCoreTest2022", "Test\VimCoreTest2022\VimCoreTest2022.csproj", "{7882DF47-5DD7-4BC3-B559-0A5C0FF10B6A}"
EndProject
Project("{9A19103F-16F7-4668-BE54-9A1E7A4F7556}") = "VsVim2022", "Src\VsVim2022\VsVim2022.csproj", "{E6552DEF-32C8-407C-9940-52A2CC54E521}"
EndProject
Project("{9A19103F-16F7-4668-BE54-9A1E7A4F7556}") = "VsVimTest2022", "Test\VsVimTest2022\VsVimTest2022.csproj", "{0751FFC7-8DBA-4DBB-BCF6-AE29F4045B29}"
EndProject
Global
	GlobalSection(SharedMSBuildProjectFiles) = preSolution
		Src\VimEditorHost\VimEditorHost.projitems*{0751ffc7-8dba-4dbb-bcf6-ae29f4045b29}*SharedItemsImports = 5
		Test\VimWpfTest\VimWpfTest.projitems*{0751ffc7-8dba-4dbb-bcf6-ae29f4045b29}*SharedItemsImports = 5
		Test\VimCoreTest\VimCoreTest.projitems*{1746bb8d-387d-40ab-a9f9-084a7a0676ea}*SharedItemsImports = 13
		Src\VimWpf\VimWpf.projitems*{1aacc1ac-a8c6-4281-a080-91a4a3c5f21d}*SharedItemsImports = 5
		Src\VsVimShared\VsVimShared.projitems*{1aacc1ac-a8c6-4281-a080-91a4a3c5f21d}*SharedItemsImports = 5
		Src\VimWpf\VimWpf.projitems*{2e2a2014-666c-4b22-83f2-4a94102247c6}*SharedItemsImports = 5
		Src\VsVimShared\VsVimShared.projitems*{2e2a2014-666c-4b22-83f2-4a94102247c6}*SharedItemsImports = 5
		Src\VimEditorHost\VimEditorHost.projitems*{5e2e483e-6d89-4c17-b4a6-7153654b06bf}*SharedItemsImports = 13
		Test\VsVimSharedTest\VsVimSharedTest.projitems*{5f7f6c25-d91c-4143-ac7d-df29a0a831ef}*SharedItemsImports = 13
		Src\VimWpf\VimWpf.projitems*{648972d9-1a17-46d8-80c6-6810c5b8b4ae}*SharedItemsImports = 13
		Src\VsVimShared\VsVimShared.projitems*{6dbed15c-fc2c-46e9-914d-685518573f0d}*SharedItemsImports = 13
		Src\VimEditorHost\VimEditorHost.projitems*{7882df47-5dd7-4bc3-b559-0a5c0ff10b6a}*SharedItemsImports = 5
		Src\VimWpf\VimWpf.projitems*{7882df47-5dd7-4bc3-b559-0a5c0ff10b6a}*SharedItemsImports = 5
		Test\VimCoreTest\VimCoreTest.projitems*{7882df47-5dd7-4bc3-b559-0a5c0ff10b6a}*SharedItemsImports = 5
		Src\VimEditorHost\VimEditorHost.projitems*{8db1c327-21a1-448b-a7a1-23eef6baa785}*SharedItemsImports = 5
		Src\VimWpf\VimWpf.projitems*{8db1c327-21a1-448b-a7a1-23eef6baa785}*SharedItemsImports = 5
		Test\VimWpfTest\VimWpfTest.projitems*{a24506e5-0602-4472-94d2-fb02772438a6}*SharedItemsImports = 13
		Src\VimEditorHost\VimEditorHost.projitems*{cdc4a709-78ab-4c1f-949e-39870f9657ec}*SharedItemsImports = 5
		Src\VimWpf\VimWpf.projitems*{cdc4a709-78ab-4c1f-949e-39870f9657ec}*SharedItemsImports = 5
		Test\VimCoreTest\VimCoreTest.projitems*{cdc4a709-78ab-4c1f-949e-39870f9657ec}*SharedItemsImports = 5
		Src\VimEditorHost\VimEditorHost.projitems*{d4e5690f-7d39-4429-8786-d135daec7bfe}*SharedItemsImports = 5
		Src\VimWpf\VimWpf.projitems*{d4e5690f-7d39-4429-8786-d135daec7bfe}*SharedItemsImports = 5
		Test\VimCoreTest\VimCoreTest.projitems*{d4e5690f-7d39-4429-8786-d135daec7bfe}*SharedItemsImports = 5
		Src\VimWpf\VimWpf.projitems*{e6552def-32c8-407c-9940-52a2cc54e521}*SharedItemsImports = 5
		Src\VsVimShared\VsVimShared.projitems*{e6552def-32c8-407c-9940-52a2cc54e521}*SharedItemsImports = 5
		Src\VimEditorHost\VimEditorHost.projitems*{e9fb3820-5279-4489-b9c7-6fdbf44f07f2}*SharedItemsImports = 5
		Test\VimWpfTest\VimWpfTest.projitems*{e9fb3820-5279-4489-b9c7-6fdbf44f07f2}*SharedItemsImports = 5
		Test\VsVimSharedTest\VsVimSharedTest.projitems*{e9fb3820-5279-4489-b9c7-6fdbf44f07f2}*SharedItemsImports = 5
		Src\VimEditorHost\VimEditorHost.projitems*{ff0ee51e-bf6d-4a81-a5d3-7ef572f68303}*SharedItemsImports = 5
		Test\VimWpfTest\VimWpfTest.projitems*{ff0ee51e-bf6d-4a81-a5d3-7ef572f68303}*SharedItemsImports = 5
		Test\VsVimSharedTest\VsVimSharedTest.projitems*{ff0ee51e-bf6d-4a81-a5d3-7ef572f68303}*SharedItemsImports = 5
	EndGlobalSection
	GlobalSection(SolutionConfigurationPlatforms) = preSolution
		Debug|Any CPU = Debug|Any CPU
		Debug|Mixed Platforms = Debug|Mixed Platforms
		Debug|x86 = Debug|x86
		DebugMac|Any CPU = DebugMac|Any CPU
		DebugMac|Mixed Platforms = DebugMac|Mixed Platforms
		DebugMac|x86 = DebugMac|x86
		Release|Any CPU = Release|Any CPU
		Release|Mixed Platforms = Release|Mixed Platforms
		Release|x86 = Release|x86
		ReleaseMac|Any CPU = ReleaseMac|Any CPU
		ReleaseMac|Mixed Platforms = ReleaseMac|Mixed Platforms
		ReleaseMac|x86 = ReleaseMac|x86
	EndGlobalSection
	GlobalSection(ProjectConfigurationPlatforms) = postSolution
		{8DB1C327-21A1-448B-A7A1-23EEF6BAA785}.Debug|Any CPU.ActiveCfg = Debug|Any CPU
		{8DB1C327-21A1-448B-A7A1-23EEF6BAA785}.Debug|Any CPU.Build.0 = Debug|Any CPU
		{8DB1C327-21A1-448B-A7A1-23EEF6BAA785}.Debug|Mixed Platforms.ActiveCfg = Debug|Any CPU
		{8DB1C327-21A1-448B-A7A1-23EEF6BAA785}.Debug|Mixed Platforms.Build.0 = Debug|Any CPU
		{8DB1C327-21A1-448B-A7A1-23EEF6BAA785}.Debug|x86.ActiveCfg = Debug|Any CPU
		{8DB1C327-21A1-448B-A7A1-23EEF6BAA785}.Debug|x86.Build.0 = Debug|Any CPU
		{8DB1C327-21A1-448B-A7A1-23EEF6BAA785}.DebugMac|Any CPU.ActiveCfg = Debug|Any CPU
		{8DB1C327-21A1-448B-A7A1-23EEF6BAA785}.DebugMac|Mixed Platforms.ActiveCfg = Debug|Any CPU
		{8DB1C327-21A1-448B-A7A1-23EEF6BAA785}.DebugMac|Mixed Platforms.Build.0 = Debug|Any CPU
		{8DB1C327-21A1-448B-A7A1-23EEF6BAA785}.DebugMac|x86.ActiveCfg = Debug|Any CPU
		{8DB1C327-21A1-448B-A7A1-23EEF6BAA785}.DebugMac|x86.Build.0 = Debug|Any CPU
		{8DB1C327-21A1-448B-A7A1-23EEF6BAA785}.Release|Any CPU.ActiveCfg = Release|Any CPU
		{8DB1C327-21A1-448B-A7A1-23EEF6BAA785}.Release|Any CPU.Build.0 = Release|Any CPU
		{8DB1C327-21A1-448B-A7A1-23EEF6BAA785}.Release|Mixed Platforms.ActiveCfg = Release|Any CPU
		{8DB1C327-21A1-448B-A7A1-23EEF6BAA785}.Release|Mixed Platforms.Build.0 = Release|Any CPU
		{8DB1C327-21A1-448B-A7A1-23EEF6BAA785}.Release|x86.ActiveCfg = Release|Any CPU
		{8DB1C327-21A1-448B-A7A1-23EEF6BAA785}.Release|x86.Build.0 = Release|Any CPU
		{8DB1C327-21A1-448B-A7A1-23EEF6BAA785}.ReleaseMac|Any CPU.ActiveCfg = Release|Any CPU
		{8DB1C327-21A1-448B-A7A1-23EEF6BAA785}.ReleaseMac|Mixed Platforms.ActiveCfg = Release|Any CPU
		{8DB1C327-21A1-448B-A7A1-23EEF6BAA785}.ReleaseMac|Mixed Platforms.Build.0 = Release|Any CPU
		{8DB1C327-21A1-448B-A7A1-23EEF6BAA785}.ReleaseMac|x86.ActiveCfg = Release|Any CPU
		{8DB1C327-21A1-448B-A7A1-23EEF6BAA785}.ReleaseMac|x86.Build.0 = Release|Any CPU
		{04DA2433-0F43-42C0-AD53-DAA7F1B22E2D}.Debug|Any CPU.ActiveCfg = Debug|Any CPU
		{04DA2433-0F43-42C0-AD53-DAA7F1B22E2D}.Debug|Any CPU.Build.0 = Debug|Any CPU
		{04DA2433-0F43-42C0-AD53-DAA7F1B22E2D}.Debug|Mixed Platforms.ActiveCfg = Debug|Any CPU
		{04DA2433-0F43-42C0-AD53-DAA7F1B22E2D}.Debug|Mixed Platforms.Build.0 = Debug|Any CPU
		{04DA2433-0F43-42C0-AD53-DAA7F1B22E2D}.Debug|x86.ActiveCfg = Debug|Any CPU
		{04DA2433-0F43-42C0-AD53-DAA7F1B22E2D}.DebugMac|Any CPU.ActiveCfg = Debug|Any CPU
		{04DA2433-0F43-42C0-AD53-DAA7F1B22E2D}.DebugMac|Any CPU.Build.0 = Debug|Any CPU
		{04DA2433-0F43-42C0-AD53-DAA7F1B22E2D}.DebugMac|Mixed Platforms.ActiveCfg = Debug|Any CPU
		{04DA2433-0F43-42C0-AD53-DAA7F1B22E2D}.DebugMac|Mixed Platforms.Build.0 = Debug|Any CPU
		{04DA2433-0F43-42C0-AD53-DAA7F1B22E2D}.DebugMac|x86.ActiveCfg = Debug|Any CPU
		{04DA2433-0F43-42C0-AD53-DAA7F1B22E2D}.DebugMac|x86.Build.0 = Debug|Any CPU
		{04DA2433-0F43-42C0-AD53-DAA7F1B22E2D}.Release|Any CPU.ActiveCfg = Release|Any CPU
		{04DA2433-0F43-42C0-AD53-DAA7F1B22E2D}.Release|Any CPU.Build.0 = Release|Any CPU
		{04DA2433-0F43-42C0-AD53-DAA7F1B22E2D}.Release|Mixed Platforms.ActiveCfg = Release|Any CPU
		{04DA2433-0F43-42C0-AD53-DAA7F1B22E2D}.Release|Mixed Platforms.Build.0 = Release|Any CPU
		{04DA2433-0F43-42C0-AD53-DAA7F1B22E2D}.Release|x86.ActiveCfg = Release|Any CPU
		{04DA2433-0F43-42C0-AD53-DAA7F1B22E2D}.ReleaseMac|Any CPU.ActiveCfg = Release|Any CPU
		{04DA2433-0F43-42C0-AD53-DAA7F1B22E2D}.ReleaseMac|Mixed Platforms.ActiveCfg = Release|Any CPU
		{04DA2433-0F43-42C0-AD53-DAA7F1B22E2D}.ReleaseMac|Mixed Platforms.Build.0 = Release|Any CPU
		{04DA2433-0F43-42C0-AD53-DAA7F1B22E2D}.ReleaseMac|x86.ActiveCfg = Release|Any CPU
		{04DA2433-0F43-42C0-AD53-DAA7F1B22E2D}.ReleaseMac|x86.Build.0 = Release|Any CPU
		{333D15E0-96F8-4B87-8B03-467220EED275}.Debug|Any CPU.ActiveCfg = Debug|Any CPU
		{333D15E0-96F8-4B87-8B03-467220EED275}.Debug|Any CPU.Build.0 = Debug|Any CPU
		{333D15E0-96F8-4B87-8B03-467220EED275}.Debug|Mixed Platforms.ActiveCfg = Debug|Any CPU
		{333D15E0-96F8-4B87-8B03-467220EED275}.Debug|Mixed Platforms.Build.0 = Debug|Any CPU
		{333D15E0-96F8-4B87-8B03-467220EED275}.Debug|x86.ActiveCfg = Debug|Any CPU
		{333D15E0-96F8-4B87-8B03-467220EED275}.DebugMac|Any CPU.ActiveCfg = Debug|Any CPU
		{333D15E0-96F8-4B87-8B03-467220EED275}.DebugMac|Any CPU.Build.0 = Debug|Any CPU
		{333D15E0-96F8-4B87-8B03-467220EED275}.DebugMac|Mixed Platforms.ActiveCfg = Debug|Any CPU
		{333D15E0-96F8-4B87-8B03-467220EED275}.DebugMac|Mixed Platforms.Build.0 = Debug|Any CPU
		{333D15E0-96F8-4B87-8B03-467220EED275}.DebugMac|x86.ActiveCfg = Debug|Any CPU
		{333D15E0-96F8-4B87-8B03-467220EED275}.DebugMac|x86.Build.0 = Debug|Any CPU
		{333D15E0-96F8-4B87-8B03-467220EED275}.Release|Any CPU.ActiveCfg = Release|Any CPU
		{333D15E0-96F8-4B87-8B03-467220EED275}.Release|Any CPU.Build.0 = Release|Any CPU
		{333D15E0-96F8-4B87-8B03-467220EED275}.Release|Mixed Platforms.ActiveCfg = Release|Any CPU
		{333D15E0-96F8-4B87-8B03-467220EED275}.Release|Mixed Platforms.Build.0 = Release|Any CPU
		{333D15E0-96F8-4B87-8B03-467220EED275}.Release|x86.ActiveCfg = Release|Any CPU
		{333D15E0-96F8-4B87-8B03-467220EED275}.ReleaseMac|Any CPU.ActiveCfg = Release|Any CPU
		{333D15E0-96F8-4B87-8B03-467220EED275}.ReleaseMac|Any CPU.Build.0 = Release|Any CPU
		{333D15E0-96F8-4B87-8B03-467220EED275}.ReleaseMac|Mixed Platforms.ActiveCfg = Release|Any CPU
		{333D15E0-96F8-4B87-8B03-467220EED275}.ReleaseMac|Mixed Platforms.Build.0 = Release|Any CPU
		{333D15E0-96F8-4B87-8B03-467220EED275}.ReleaseMac|x86.ActiveCfg = Release|Any CPU
		{333D15E0-96F8-4B87-8B03-467220EED275}.ReleaseMac|x86.Build.0 = Release|Any CPU
		{33887119-3C41-4D8B-9A54-14AE8B2212B1}.Debug|Any CPU.ActiveCfg = Debug|Any CPU
		{33887119-3C41-4D8B-9A54-14AE8B2212B1}.Debug|Mixed Platforms.ActiveCfg = Debug|Any CPU
		{33887119-3C41-4D8B-9A54-14AE8B2212B1}.Debug|x86.ActiveCfg = Debug|Any CPU
		{33887119-3C41-4D8B-9A54-14AE8B2212B1}.DebugMac|Any CPU.ActiveCfg = Debug|Any CPU
		{33887119-3C41-4D8B-9A54-14AE8B2212B1}.DebugMac|Any CPU.Build.0 = Debug|Any CPU
		{33887119-3C41-4D8B-9A54-14AE8B2212B1}.DebugMac|Mixed Platforms.ActiveCfg = Debug|Any CPU
		{33887119-3C41-4D8B-9A54-14AE8B2212B1}.DebugMac|Mixed Platforms.Build.0 = Debug|Any CPU
		{33887119-3C41-4D8B-9A54-14AE8B2212B1}.DebugMac|x86.ActiveCfg = Debug|Any CPU
		{33887119-3C41-4D8B-9A54-14AE8B2212B1}.DebugMac|x86.Build.0 = Debug|Any CPU
		{33887119-3C41-4D8B-9A54-14AE8B2212B1}.Release|Any CPU.ActiveCfg = Release|Any CPU
		{33887119-3C41-4D8B-9A54-14AE8B2212B1}.Release|Mixed Platforms.ActiveCfg = Release|Any CPU
		{33887119-3C41-4D8B-9A54-14AE8B2212B1}.Release|x86.ActiveCfg = Release|Any CPU
		{33887119-3C41-4D8B-9A54-14AE8B2212B1}.ReleaseMac|Any CPU.ActiveCfg = Release|Any CPU
		{33887119-3C41-4D8B-9A54-14AE8B2212B1}.ReleaseMac|Any CPU.Build.0 = Release|Any CPU
		{33887119-3C41-4D8B-9A54-14AE8B2212B1}.ReleaseMac|Mixed Platforms.ActiveCfg = Release|Any CPU
		{33887119-3C41-4D8B-9A54-14AE8B2212B1}.ReleaseMac|Mixed Platforms.Build.0 = Release|Any CPU
		{33887119-3C41-4D8B-9A54-14AE8B2212B1}.ReleaseMac|x86.ActiveCfg = Release|Any CPU
		{33887119-3C41-4D8B-9A54-14AE8B2212B1}.ReleaseMac|x86.Build.0 = Release|Any CPU
		{2E2A2014-666C-4B22-83F2-4A94102247C6}.Debug|Any CPU.ActiveCfg = Debug|Any CPU
		{2E2A2014-666C-4B22-83F2-4A94102247C6}.Debug|Any CPU.Build.0 = Debug|Any CPU
		{2E2A2014-666C-4B22-83F2-4A94102247C6}.Debug|Mixed Platforms.ActiveCfg = Debug|Any CPU
		{2E2A2014-666C-4B22-83F2-4A94102247C6}.Debug|Mixed Platforms.Build.0 = Debug|Any CPU
		{2E2A2014-666C-4B22-83F2-4A94102247C6}.Debug|x86.ActiveCfg = Debug|Any CPU
		{2E2A2014-666C-4B22-83F2-4A94102247C6}.Debug|x86.Build.0 = Debug|Any CPU
		{2E2A2014-666C-4B22-83F2-4A94102247C6}.DebugMac|Any CPU.ActiveCfg = Debug|Any CPU
		{2E2A2014-666C-4B22-83F2-4A94102247C6}.DebugMac|Any CPU.Build.0 = Debug|Any CPU
		{2E2A2014-666C-4B22-83F2-4A94102247C6}.DebugMac|Mixed Platforms.ActiveCfg = Debug|Any CPU
		{2E2A2014-666C-4B22-83F2-4A94102247C6}.DebugMac|Mixed Platforms.Build.0 = Debug|Any CPU
		{2E2A2014-666C-4B22-83F2-4A94102247C6}.DebugMac|x86.ActiveCfg = Debug|Any CPU
		{2E2A2014-666C-4B22-83F2-4A94102247C6}.DebugMac|x86.Build.0 = Debug|Any CPU
		{2E2A2014-666C-4B22-83F2-4A94102247C6}.Release|Any CPU.ActiveCfg = Release|Any CPU
		{2E2A2014-666C-4B22-83F2-4A94102247C6}.Release|Any CPU.Build.0 = Release|Any CPU
		{2E2A2014-666C-4B22-83F2-4A94102247C6}.Release|Mixed Platforms.ActiveCfg = Release|Any CPU
		{2E2A2014-666C-4B22-83F2-4A94102247C6}.Release|Mixed Platforms.Build.0 = Release|Any CPU
		{2E2A2014-666C-4B22-83F2-4A94102247C6}.Release|x86.ActiveCfg = Release|Any CPU
		{2E2A2014-666C-4B22-83F2-4A94102247C6}.Release|x86.Build.0 = Release|Any CPU
		{2E2A2014-666C-4B22-83F2-4A94102247C6}.ReleaseMac|Any CPU.ActiveCfg = Release|Any CPU
		{2E2A2014-666C-4B22-83F2-4A94102247C6}.ReleaseMac|Any CPU.Build.0 = Release|Any CPU
		{2E2A2014-666C-4B22-83F2-4A94102247C6}.ReleaseMac|Mixed Platforms.ActiveCfg = Release|Any CPU
		{2E2A2014-666C-4B22-83F2-4A94102247C6}.ReleaseMac|Mixed Platforms.Build.0 = Release|Any CPU
		{2E2A2014-666C-4B22-83F2-4A94102247C6}.ReleaseMac|x86.ActiveCfg = Release|Any CPU
		{2E2A2014-666C-4B22-83F2-4A94102247C6}.ReleaseMac|x86.Build.0 = Release|Any CPU
		{1AACC1AC-A8C6-4281-A080-91A4A3C5F21D}.Debug|Any CPU.ActiveCfg = Debug|Any CPU
		{1AACC1AC-A8C6-4281-A080-91A4A3C5F21D}.Debug|Any CPU.Build.0 = Debug|Any CPU
		{1AACC1AC-A8C6-4281-A080-91A4A3C5F21D}.Debug|Mixed Platforms.ActiveCfg = Debug|Any CPU
		{1AACC1AC-A8C6-4281-A080-91A4A3C5F21D}.Debug|Mixed Platforms.Build.0 = Debug|Any CPU
		{1AACC1AC-A8C6-4281-A080-91A4A3C5F21D}.Debug|x86.ActiveCfg = Debug|Any CPU
		{1AACC1AC-A8C6-4281-A080-91A4A3C5F21D}.Debug|x86.Build.0 = Debug|Any CPU
		{1AACC1AC-A8C6-4281-A080-91A4A3C5F21D}.DebugMac|Any CPU.ActiveCfg = Debug|Any CPU
		{1AACC1AC-A8C6-4281-A080-91A4A3C5F21D}.DebugMac|Any CPU.Build.0 = Debug|Any CPU
		{1AACC1AC-A8C6-4281-A080-91A4A3C5F21D}.DebugMac|Mixed Platforms.ActiveCfg = Debug|Any CPU
		{1AACC1AC-A8C6-4281-A080-91A4A3C5F21D}.DebugMac|Mixed Platforms.Build.0 = Debug|Any CPU
		{1AACC1AC-A8C6-4281-A080-91A4A3C5F21D}.DebugMac|x86.ActiveCfg = Debug|Any CPU
		{1AACC1AC-A8C6-4281-A080-91A4A3C5F21D}.DebugMac|x86.Build.0 = Debug|Any CPU
		{1AACC1AC-A8C6-4281-A080-91A4A3C5F21D}.Release|Any CPU.ActiveCfg = Release|Any CPU
		{1AACC1AC-A8C6-4281-A080-91A4A3C5F21D}.Release|Any CPU.Build.0 = Release|Any CPU
		{1AACC1AC-A8C6-4281-A080-91A4A3C5F21D}.Release|Mixed Platforms.ActiveCfg = Release|Any CPU
		{1AACC1AC-A8C6-4281-A080-91A4A3C5F21D}.Release|Mixed Platforms.Build.0 = Release|Any CPU
		{1AACC1AC-A8C6-4281-A080-91A4A3C5F21D}.Release|x86.ActiveCfg = Release|Any CPU
		{1AACC1AC-A8C6-4281-A080-91A4A3C5F21D}.Release|x86.Build.0 = Release|Any CPU
		{1AACC1AC-A8C6-4281-A080-91A4A3C5F21D}.ReleaseMac|Any CPU.ActiveCfg = Release|Any CPU
		{1AACC1AC-A8C6-4281-A080-91A4A3C5F21D}.ReleaseMac|Any CPU.Build.0 = Release|Any CPU
		{1AACC1AC-A8C6-4281-A080-91A4A3C5F21D}.ReleaseMac|Mixed Platforms.ActiveCfg = Release|Any CPU
		{1AACC1AC-A8C6-4281-A080-91A4A3C5F21D}.ReleaseMac|Mixed Platforms.Build.0 = Release|Any CPU
		{1AACC1AC-A8C6-4281-A080-91A4A3C5F21D}.ReleaseMac|x86.ActiveCfg = Release|Any CPU
		{1AACC1AC-A8C6-4281-A080-91A4A3C5F21D}.ReleaseMac|x86.Build.0 = Release|Any CPU
		{E9FB3820-5279-4489-B9C7-6FDBF44F07F2}.Debug|Any CPU.ActiveCfg = Debug|Any CPU
		{E9FB3820-5279-4489-B9C7-6FDBF44F07F2}.Debug|Any CPU.Build.0 = Debug|Any CPU
		{E9FB3820-5279-4489-B9C7-6FDBF44F07F2}.Debug|Mixed Platforms.ActiveCfg = Debug|Any CPU
		{E9FB3820-5279-4489-B9C7-6FDBF44F07F2}.Debug|Mixed Platforms.Build.0 = Debug|Any CPU
		{E9FB3820-5279-4489-B9C7-6FDBF44F07F2}.Debug|x86.ActiveCfg = Debug|Any CPU
		{E9FB3820-5279-4489-B9C7-6FDBF44F07F2}.Debug|x86.Build.0 = Debug|Any CPU
		{E9FB3820-5279-4489-B9C7-6FDBF44F07F2}.DebugMac|Any CPU.ActiveCfg = Debug|Any CPU
		{E9FB3820-5279-4489-B9C7-6FDBF44F07F2}.DebugMac|Any CPU.Build.0 = Debug|Any CPU
		{E9FB3820-5279-4489-B9C7-6FDBF44F07F2}.DebugMac|Mixed Platforms.ActiveCfg = Debug|Any CPU
		{E9FB3820-5279-4489-B9C7-6FDBF44F07F2}.DebugMac|Mixed Platforms.Build.0 = Debug|Any CPU
		{E9FB3820-5279-4489-B9C7-6FDBF44F07F2}.DebugMac|x86.ActiveCfg = Debug|Any CPU
		{E9FB3820-5279-4489-B9C7-6FDBF44F07F2}.DebugMac|x86.Build.0 = Debug|Any CPU
		{E9FB3820-5279-4489-B9C7-6FDBF44F07F2}.Release|Any CPU.ActiveCfg = Release|Any CPU
		{E9FB3820-5279-4489-B9C7-6FDBF44F07F2}.Release|Any CPU.Build.0 = Release|Any CPU
		{E9FB3820-5279-4489-B9C7-6FDBF44F07F2}.Release|Mixed Platforms.ActiveCfg = Release|Any CPU
		{E9FB3820-5279-4489-B9C7-6FDBF44F07F2}.Release|Mixed Platforms.Build.0 = Release|Any CPU
		{E9FB3820-5279-4489-B9C7-6FDBF44F07F2}.Release|x86.ActiveCfg = Release|Any CPU
		{E9FB3820-5279-4489-B9C7-6FDBF44F07F2}.Release|x86.Build.0 = Release|Any CPU
		{E9FB3820-5279-4489-B9C7-6FDBF44F07F2}.ReleaseMac|Any CPU.ActiveCfg = Release|Any CPU
		{E9FB3820-5279-4489-B9C7-6FDBF44F07F2}.ReleaseMac|Any CPU.Build.0 = Release|Any CPU
		{E9FB3820-5279-4489-B9C7-6FDBF44F07F2}.ReleaseMac|Mixed Platforms.ActiveCfg = Release|Any CPU
		{E9FB3820-5279-4489-B9C7-6FDBF44F07F2}.ReleaseMac|Mixed Platforms.Build.0 = Release|Any CPU
		{E9FB3820-5279-4489-B9C7-6FDBF44F07F2}.ReleaseMac|x86.ActiveCfg = Release|Any CPU
		{E9FB3820-5279-4489-B9C7-6FDBF44F07F2}.ReleaseMac|x86.Build.0 = Release|Any CPU
		{FF0EE51E-BF6D-4A81-A5D3-7EF572F68303}.Debug|Any CPU.ActiveCfg = Debug|Any CPU
		{FF0EE51E-BF6D-4A81-A5D3-7EF572F68303}.Debug|Any CPU.Build.0 = Debug|Any CPU
		{FF0EE51E-BF6D-4A81-A5D3-7EF572F68303}.Debug|Mixed Platforms.ActiveCfg = Debug|Any CPU
		{FF0EE51E-BF6D-4A81-A5D3-7EF572F68303}.Debug|Mixed Platforms.Build.0 = Debug|Any CPU
		{FF0EE51E-BF6D-4A81-A5D3-7EF572F68303}.Debug|x86.ActiveCfg = Debug|Any CPU
		{FF0EE51E-BF6D-4A81-A5D3-7EF572F68303}.Debug|x86.Build.0 = Debug|Any CPU
		{FF0EE51E-BF6D-4A81-A5D3-7EF572F68303}.DebugMac|Any CPU.ActiveCfg = Debug|Any CPU
		{FF0EE51E-BF6D-4A81-A5D3-7EF572F68303}.DebugMac|Any CPU.Build.0 = Debug|Any CPU
		{FF0EE51E-BF6D-4A81-A5D3-7EF572F68303}.DebugMac|Mixed Platforms.ActiveCfg = Debug|Any CPU
		{FF0EE51E-BF6D-4A81-A5D3-7EF572F68303}.DebugMac|Mixed Platforms.Build.0 = Debug|Any CPU
		{FF0EE51E-BF6D-4A81-A5D3-7EF572F68303}.DebugMac|x86.ActiveCfg = Debug|Any CPU
		{FF0EE51E-BF6D-4A81-A5D3-7EF572F68303}.DebugMac|x86.Build.0 = Debug|Any CPU
		{FF0EE51E-BF6D-4A81-A5D3-7EF572F68303}.Release|Any CPU.ActiveCfg = Release|Any CPU
		{FF0EE51E-BF6D-4A81-A5D3-7EF572F68303}.Release|Any CPU.Build.0 = Release|Any CPU
		{FF0EE51E-BF6D-4A81-A5D3-7EF572F68303}.Release|Mixed Platforms.ActiveCfg = Release|Any CPU
		{FF0EE51E-BF6D-4A81-A5D3-7EF572F68303}.Release|Mixed Platforms.Build.0 = Release|Any CPU
		{FF0EE51E-BF6D-4A81-A5D3-7EF572F68303}.Release|x86.ActiveCfg = Release|Any CPU
		{FF0EE51E-BF6D-4A81-A5D3-7EF572F68303}.Release|x86.Build.0 = Release|Any CPU
		{FF0EE51E-BF6D-4A81-A5D3-7EF572F68303}.ReleaseMac|Any CPU.ActiveCfg = Release|Any CPU
		{FF0EE51E-BF6D-4A81-A5D3-7EF572F68303}.ReleaseMac|Any CPU.Build.0 = Release|Any CPU
		{FF0EE51E-BF6D-4A81-A5D3-7EF572F68303}.ReleaseMac|Mixed Platforms.ActiveCfg = Release|Any CPU
		{FF0EE51E-BF6D-4A81-A5D3-7EF572F68303}.ReleaseMac|Mixed Platforms.Build.0 = Release|Any CPU
		{FF0EE51E-BF6D-4A81-A5D3-7EF572F68303}.ReleaseMac|x86.ActiveCfg = Release|Any CPU
		{FF0EE51E-BF6D-4A81-A5D3-7EF572F68303}.ReleaseMac|x86.Build.0 = Release|Any CPU
		{AFA7BF34-3687-453F-80A0-46396ACE5E78}.Debug|Any CPU.ActiveCfg = Debug|Any CPU
		{AFA7BF34-3687-453F-80A0-46396ACE5E78}.Debug|Any CPU.Build.0 = Debug|Any CPU
		{AFA7BF34-3687-453F-80A0-46396ACE5E78}.Debug|Mixed Platforms.ActiveCfg = Debug|Any CPU
		{AFA7BF34-3687-453F-80A0-46396ACE5E78}.Debug|Mixed Platforms.Build.0 = Debug|Any CPU
		{AFA7BF34-3687-453F-80A0-46396ACE5E78}.Debug|x86.ActiveCfg = Debug|Any CPU
		{AFA7BF34-3687-453F-80A0-46396ACE5E78}.Debug|x86.Build.0 = Debug|Any CPU
		{AFA7BF34-3687-453F-80A0-46396ACE5E78}.DebugMac|Any CPU.ActiveCfg = Debug|Any CPU
		{AFA7BF34-3687-453F-80A0-46396ACE5E78}.DebugMac|Any CPU.Build.0 = Debug|Any CPU
		{AFA7BF34-3687-453F-80A0-46396ACE5E78}.DebugMac|Mixed Platforms.ActiveCfg = Debug|Any CPU
		{AFA7BF34-3687-453F-80A0-46396ACE5E78}.DebugMac|Mixed Platforms.Build.0 = Debug|Any CPU
		{AFA7BF34-3687-453F-80A0-46396ACE5E78}.DebugMac|x86.ActiveCfg = Debug|Any CPU
		{AFA7BF34-3687-453F-80A0-46396ACE5E78}.DebugMac|x86.Build.0 = Debug|Any CPU
		{AFA7BF34-3687-453F-80A0-46396ACE5E78}.Release|Any CPU.ActiveCfg = Release|Any CPU
		{AFA7BF34-3687-453F-80A0-46396ACE5E78}.Release|Any CPU.Build.0 = Release|Any CPU
		{AFA7BF34-3687-453F-80A0-46396ACE5E78}.Release|Mixed Platforms.ActiveCfg = Release|Any CPU
		{AFA7BF34-3687-453F-80A0-46396ACE5E78}.Release|Mixed Platforms.Build.0 = Release|Any CPU
		{AFA7BF34-3687-453F-80A0-46396ACE5E78}.Release|x86.ActiveCfg = Release|Any CPU
		{AFA7BF34-3687-453F-80A0-46396ACE5E78}.Release|x86.Build.0 = Release|Any CPU
		{AFA7BF34-3687-453F-80A0-46396ACE5E78}.ReleaseMac|Any CPU.ActiveCfg = Release|Any CPU
		{AFA7BF34-3687-453F-80A0-46396ACE5E78}.ReleaseMac|Any CPU.Build.0 = Release|Any CPU
		{AFA7BF34-3687-453F-80A0-46396ACE5E78}.ReleaseMac|Mixed Platforms.ActiveCfg = Release|Any CPU
		{AFA7BF34-3687-453F-80A0-46396ACE5E78}.ReleaseMac|Mixed Platforms.Build.0 = Release|Any CPU
		{AFA7BF34-3687-453F-80A0-46396ACE5E78}.ReleaseMac|x86.ActiveCfg = Release|Any CPU
		{AFA7BF34-3687-453F-80A0-46396ACE5E78}.ReleaseMac|x86.Build.0 = Release|Any CPU
		{D4E5690F-7D39-4429-8786-D135DAEC7BFE}.Debug|Any CPU.ActiveCfg = Debug|Any CPU
		{D4E5690F-7D39-4429-8786-D135DAEC7BFE}.Debug|Any CPU.Build.0 = Debug|Any CPU
		{D4E5690F-7D39-4429-8786-D135DAEC7BFE}.Debug|Mixed Platforms.ActiveCfg = Debug|Any CPU
		{D4E5690F-7D39-4429-8786-D135DAEC7BFE}.Debug|Mixed Platforms.Build.0 = Debug|Any CPU
		{D4E5690F-7D39-4429-8786-D135DAEC7BFE}.Debug|x86.ActiveCfg = Debug|Any CPU
		{D4E5690F-7D39-4429-8786-D135DAEC7BFE}.Debug|x86.Build.0 = Debug|Any CPU
		{D4E5690F-7D39-4429-8786-D135DAEC7BFE}.DebugMac|Any CPU.ActiveCfg = Debug|Any CPU
		{D4E5690F-7D39-4429-8786-D135DAEC7BFE}.DebugMac|Any CPU.Build.0 = Debug|Any CPU
		{D4E5690F-7D39-4429-8786-D135DAEC7BFE}.DebugMac|Mixed Platforms.ActiveCfg = Debug|Any CPU
		{D4E5690F-7D39-4429-8786-D135DAEC7BFE}.DebugMac|Mixed Platforms.Build.0 = Debug|Any CPU
		{D4E5690F-7D39-4429-8786-D135DAEC7BFE}.DebugMac|x86.ActiveCfg = Debug|Any CPU
		{D4E5690F-7D39-4429-8786-D135DAEC7BFE}.DebugMac|x86.Build.0 = Debug|Any CPU
		{D4E5690F-7D39-4429-8786-D135DAEC7BFE}.Release|Any CPU.ActiveCfg = Release|Any CPU
		{D4E5690F-7D39-4429-8786-D135DAEC7BFE}.Release|Any CPU.Build.0 = Release|Any CPU
		{D4E5690F-7D39-4429-8786-D135DAEC7BFE}.Release|Mixed Platforms.ActiveCfg = Release|Any CPU
		{D4E5690F-7D39-4429-8786-D135DAEC7BFE}.Release|Mixed Platforms.Build.0 = Release|Any CPU
		{D4E5690F-7D39-4429-8786-D135DAEC7BFE}.Release|x86.ActiveCfg = Release|Any CPU
		{D4E5690F-7D39-4429-8786-D135DAEC7BFE}.Release|x86.Build.0 = Release|Any CPU
		{D4E5690F-7D39-4429-8786-D135DAEC7BFE}.ReleaseMac|Any CPU.ActiveCfg = Release|Any CPU
		{D4E5690F-7D39-4429-8786-D135DAEC7BFE}.ReleaseMac|Any CPU.Build.0 = Release|Any CPU
		{D4E5690F-7D39-4429-8786-D135DAEC7BFE}.ReleaseMac|Mixed Platforms.ActiveCfg = Release|Any CPU
		{D4E5690F-7D39-4429-8786-D135DAEC7BFE}.ReleaseMac|Mixed Platforms.Build.0 = Release|Any CPU
		{D4E5690F-7D39-4429-8786-D135DAEC7BFE}.ReleaseMac|x86.ActiveCfg = Release|Any CPU
		{D4E5690F-7D39-4429-8786-D135DAEC7BFE}.ReleaseMac|x86.Build.0 = Release|Any CPU
		{CDC4A709-78AB-4C1F-949E-39870F9657EC}.Debug|Any CPU.ActiveCfg = Debug|Any CPU
		{CDC4A709-78AB-4C1F-949E-39870F9657EC}.Debug|Any CPU.Build.0 = Debug|Any CPU
		{CDC4A709-78AB-4C1F-949E-39870F9657EC}.Debug|Mixed Platforms.ActiveCfg = Debug|Any CPU
		{CDC4A709-78AB-4C1F-949E-39870F9657EC}.Debug|Mixed Platforms.Build.0 = Debug|Any CPU
		{CDC4A709-78AB-4C1F-949E-39870F9657EC}.Debug|x86.ActiveCfg = Debug|Any CPU
		{CDC4A709-78AB-4C1F-949E-39870F9657EC}.Debug|x86.Build.0 = Debug|Any CPU
		{CDC4A709-78AB-4C1F-949E-39870F9657EC}.DebugMac|Any CPU.ActiveCfg = Debug|Any CPU
		{CDC4A709-78AB-4C1F-949E-39870F9657EC}.DebugMac|Any CPU.Build.0 = Debug|Any CPU
		{CDC4A709-78AB-4C1F-949E-39870F9657EC}.DebugMac|Mixed Platforms.ActiveCfg = Debug|Any CPU
		{CDC4A709-78AB-4C1F-949E-39870F9657EC}.DebugMac|Mixed Platforms.Build.0 = Debug|Any CPU
		{CDC4A709-78AB-4C1F-949E-39870F9657EC}.DebugMac|x86.ActiveCfg = Debug|Any CPU
		{CDC4A709-78AB-4C1F-949E-39870F9657EC}.DebugMac|x86.Build.0 = Debug|Any CPU
		{CDC4A709-78AB-4C1F-949E-39870F9657EC}.Release|Any CPU.ActiveCfg = Release|Any CPU
		{CDC4A709-78AB-4C1F-949E-39870F9657EC}.Release|Any CPU.Build.0 = Release|Any CPU
		{CDC4A709-78AB-4C1F-949E-39870F9657EC}.Release|Mixed Platforms.ActiveCfg = Release|Any CPU
		{CDC4A709-78AB-4C1F-949E-39870F9657EC}.Release|Mixed Platforms.Build.0 = Release|Any CPU
		{CDC4A709-78AB-4C1F-949E-39870F9657EC}.Release|x86.ActiveCfg = Release|Any CPU
		{CDC4A709-78AB-4C1F-949E-39870F9657EC}.Release|x86.Build.0 = Release|Any CPU
		{CDC4A709-78AB-4C1F-949E-39870F9657EC}.ReleaseMac|Any CPU.ActiveCfg = Release|Any CPU
		{CDC4A709-78AB-4C1F-949E-39870F9657EC}.ReleaseMac|Any CPU.Build.0 = Release|Any CPU
		{CDC4A709-78AB-4C1F-949E-39870F9657EC}.ReleaseMac|Mixed Platforms.ActiveCfg = Release|Any CPU
		{CDC4A709-78AB-4C1F-949E-39870F9657EC}.ReleaseMac|Mixed Platforms.Build.0 = Release|Any CPU
		{CDC4A709-78AB-4C1F-949E-39870F9657EC}.ReleaseMac|x86.ActiveCfg = Release|Any CPU
		{CDC4A709-78AB-4C1F-949E-39870F9657EC}.ReleaseMac|x86.Build.0 = Release|Any CPU
		{7882DF47-5DD7-4BC3-B559-0A5C0FF10B6A}.Debug|Any CPU.ActiveCfg = Debug|Any CPU
		{7882DF47-5DD7-4BC3-B559-0A5C0FF10B6A}.Debug|Any CPU.Build.0 = Debug|Any CPU
		{7882DF47-5DD7-4BC3-B559-0A5C0FF10B6A}.Debug|Mixed Platforms.ActiveCfg = Debug|Any CPU
		{7882DF47-5DD7-4BC3-B559-0A5C0FF10B6A}.Debug|Mixed Platforms.Build.0 = Debug|Any CPU
		{7882DF47-5DD7-4BC3-B559-0A5C0FF10B6A}.Debug|x86.ActiveCfg = Debug|Any CPU
		{7882DF47-5DD7-4BC3-B559-0A5C0FF10B6A}.Debug|x86.Build.0 = Debug|Any CPU
		{7882DF47-5DD7-4BC3-B559-0A5C0FF10B6A}.DebugMac|Any CPU.ActiveCfg = Debug|Any CPU
		{7882DF47-5DD7-4BC3-B559-0A5C0FF10B6A}.DebugMac|Any CPU.Build.0 = Debug|Any CPU
		{7882DF47-5DD7-4BC3-B559-0A5C0FF10B6A}.DebugMac|Mixed Platforms.ActiveCfg = Debug|Any CPU
		{7882DF47-5DD7-4BC3-B559-0A5C0FF10B6A}.DebugMac|Mixed Platforms.Build.0 = Debug|Any CPU
		{7882DF47-5DD7-4BC3-B559-0A5C0FF10B6A}.DebugMac|x86.ActiveCfg = Debug|Any CPU
		{7882DF47-5DD7-4BC3-B559-0A5C0FF10B6A}.DebugMac|x86.Build.0 = Debug|Any CPU
		{7882DF47-5DD7-4BC3-B559-0A5C0FF10B6A}.Release|Any CPU.ActiveCfg = Release|Any CPU
		{7882DF47-5DD7-4BC3-B559-0A5C0FF10B6A}.Release|Any CPU.Build.0 = Release|Any CPU
		{7882DF47-5DD7-4BC3-B559-0A5C0FF10B6A}.Release|Mixed Platforms.ActiveCfg = Release|Any CPU
		{7882DF47-5DD7-4BC3-B559-0A5C0FF10B6A}.Release|Mixed Platforms.Build.0 = Release|Any CPU
		{7882DF47-5DD7-4BC3-B559-0A5C0FF10B6A}.Release|x86.ActiveCfg = Release|Any CPU
		{7882DF47-5DD7-4BC3-B559-0A5C0FF10B6A}.Release|x86.Build.0 = Release|Any CPU
		{7882DF47-5DD7-4BC3-B559-0A5C0FF10B6A}.ReleaseMac|Any CPU.ActiveCfg = Release|Any CPU
		{7882DF47-5DD7-4BC3-B559-0A5C0FF10B6A}.ReleaseMac|Any CPU.Build.0 = Release|Any CPU
		{7882DF47-5DD7-4BC3-B559-0A5C0FF10B6A}.ReleaseMac|Mixed Platforms.ActiveCfg = Release|Any CPU
		{7882DF47-5DD7-4BC3-B559-0A5C0FF10B6A}.ReleaseMac|Mixed Platforms.Build.0 = Release|Any CPU
		{7882DF47-5DD7-4BC3-B559-0A5C0FF10B6A}.ReleaseMac|x86.ActiveCfg = Release|Any CPU
		{7882DF47-5DD7-4BC3-B559-0A5C0FF10B6A}.ReleaseMac|x86.Build.0 = Release|Any CPU
		{E6552DEF-32C8-407C-9940-52A2CC54E521}.Debug|Any CPU.ActiveCfg = Debug|Any CPU
		{E6552DEF-32C8-407C-9940-52A2CC54E521}.Debug|Any CPU.Build.0 = Debug|Any CPU
		{E6552DEF-32C8-407C-9940-52A2CC54E521}.Debug|Mixed Platforms.ActiveCfg = Debug|Any CPU
		{E6552DEF-32C8-407C-9940-52A2CC54E521}.Debug|Mixed Platforms.Build.0 = Debug|Any CPU
		{E6552DEF-32C8-407C-9940-52A2CC54E521}.Debug|x86.ActiveCfg = Debug|Any CPU
		{E6552DEF-32C8-407C-9940-52A2CC54E521}.Debug|x86.Build.0 = Debug|Any CPU
		{E6552DEF-32C8-407C-9940-52A2CC54E521}.DebugMac|Any CPU.ActiveCfg = Debug|Any CPU
		{E6552DEF-32C8-407C-9940-52A2CC54E521}.DebugMac|Any CPU.Build.0 = Debug|Any CPU
		{E6552DEF-32C8-407C-9940-52A2CC54E521}.DebugMac|Mixed Platforms.ActiveCfg = Debug|Any CPU
		{E6552DEF-32C8-407C-9940-52A2CC54E521}.DebugMac|Mixed Platforms.Build.0 = Debug|Any CPU
		{E6552DEF-32C8-407C-9940-52A2CC54E521}.DebugMac|x86.ActiveCfg = Debug|Any CPU
		{E6552DEF-32C8-407C-9940-52A2CC54E521}.DebugMac|x86.Build.0 = Debug|Any CPU
		{E6552DEF-32C8-407C-9940-52A2CC54E521}.Release|Any CPU.ActiveCfg = Release|Any CPU
		{E6552DEF-32C8-407C-9940-52A2CC54E521}.Release|Any CPU.Build.0 = Release|Any CPU
		{E6552DEF-32C8-407C-9940-52A2CC54E521}.Release|Mixed Platforms.ActiveCfg = Release|Any CPU
		{E6552DEF-32C8-407C-9940-52A2CC54E521}.Release|Mixed Platforms.Build.0 = Release|Any CPU
		{E6552DEF-32C8-407C-9940-52A2CC54E521}.Release|x86.ActiveCfg = Release|Any CPU
		{E6552DEF-32C8-407C-9940-52A2CC54E521}.Release|x86.Build.0 = Release|Any CPU
		{E6552DEF-32C8-407C-9940-52A2CC54E521}.ReleaseMac|Any CPU.ActiveCfg = Release|Any CPU
		{E6552DEF-32C8-407C-9940-52A2CC54E521}.ReleaseMac|Any CPU.Build.0 = Release|Any CPU
		{E6552DEF-32C8-407C-9940-52A2CC54E521}.ReleaseMac|Mixed Platforms.ActiveCfg = Release|Any CPU
		{E6552DEF-32C8-407C-9940-52A2CC54E521}.ReleaseMac|Mixed Platforms.Build.0 = Release|Any CPU
		{E6552DEF-32C8-407C-9940-52A2CC54E521}.ReleaseMac|x86.ActiveCfg = Release|Any CPU
		{E6552DEF-32C8-407C-9940-52A2CC54E521}.ReleaseMac|x86.Build.0 = Release|Any CPU
		{0751FFC7-8DBA-4DBB-BCF6-AE29F4045B29}.Debug|Any CPU.ActiveCfg = Debug|Any CPU
		{0751FFC7-8DBA-4DBB-BCF6-AE29F4045B29}.Debug|Any CPU.Build.0 = Debug|Any CPU
		{0751FFC7-8DBA-4DBB-BCF6-AE29F4045B29}.Debug|Mixed Platforms.ActiveCfg = Debug|Any CPU
		{0751FFC7-8DBA-4DBB-BCF6-AE29F4045B29}.Debug|Mixed Platforms.Build.0 = Debug|Any CPU
		{0751FFC7-8DBA-4DBB-BCF6-AE29F4045B29}.Debug|x86.ActiveCfg = Debug|Any CPU
		{0751FFC7-8DBA-4DBB-BCF6-AE29F4045B29}.Debug|x86.Build.0 = Debug|Any CPU
		{0751FFC7-8DBA-4DBB-BCF6-AE29F4045B29}.DebugMac|Any CPU.ActiveCfg = Debug|Any CPU
		{0751FFC7-8DBA-4DBB-BCF6-AE29F4045B29}.DebugMac|Any CPU.Build.0 = Debug|Any CPU
		{0751FFC7-8DBA-4DBB-BCF6-AE29F4045B29}.DebugMac|Mixed Platforms.ActiveCfg = Debug|Any CPU
		{0751FFC7-8DBA-4DBB-BCF6-AE29F4045B29}.DebugMac|Mixed Platforms.Build.0 = Debug|Any CPU
		{0751FFC7-8DBA-4DBB-BCF6-AE29F4045B29}.DebugMac|x86.ActiveCfg = Debug|Any CPU
		{0751FFC7-8DBA-4DBB-BCF6-AE29F4045B29}.DebugMac|x86.Build.0 = Debug|Any CPU
		{0751FFC7-8DBA-4DBB-BCF6-AE29F4045B29}.Release|Any CPU.ActiveCfg = Release|Any CPU
		{0751FFC7-8DBA-4DBB-BCF6-AE29F4045B29}.Release|Any CPU.Build.0 = Release|Any CPU
		{0751FFC7-8DBA-4DBB-BCF6-AE29F4045B29}.Release|Mixed Platforms.ActiveCfg = Release|Any CPU
		{0751FFC7-8DBA-4DBB-BCF6-AE29F4045B29}.Release|Mixed Platforms.Build.0 = Release|Any CPU
		{0751FFC7-8DBA-4DBB-BCF6-AE29F4045B29}.Release|x86.ActiveCfg = Release|Any CPU
		{0751FFC7-8DBA-4DBB-BCF6-AE29F4045B29}.Release|x86.Build.0 = Release|Any CPU
		{0751FFC7-8DBA-4DBB-BCF6-AE29F4045B29}.ReleaseMac|Any CPU.ActiveCfg = Release|Any CPU
		{0751FFC7-8DBA-4DBB-BCF6-AE29F4045B29}.ReleaseMac|Any CPU.Build.0 = Release|Any CPU
		{0751FFC7-8DBA-4DBB-BCF6-AE29F4045B29}.ReleaseMac|Mixed Platforms.ActiveCfg = Release|Any CPU
		{0751FFC7-8DBA-4DBB-BCF6-AE29F4045B29}.ReleaseMac|Mixed Platforms.Build.0 = Release|Any CPU
		{0751FFC7-8DBA-4DBB-BCF6-AE29F4045B29}.ReleaseMac|x86.ActiveCfg = Release|Any CPU
		{0751FFC7-8DBA-4DBB-BCF6-AE29F4045B29}.ReleaseMac|x86.Build.0 = Release|Any CPU
	EndGlobalSection
	GlobalSection(SolutionProperties) = preSolution
		HideSolutionNode = FALSE
	EndGlobalSection
	GlobalSection(NestedProjects) = preSolution
		{E112A054-F81F-4775-B456-EA82B71C573A} = {7CD56D22-AAAA-4A93-8D98-1A014D9A6D39}
	EndGlobalSection
	GlobalSection(ExtensibilityGlobals) = postSolution
		SolutionGuid = {E627ED8F-1A4B-4324-826C-77B96CB9CB83}
	EndGlobalSection
	GlobalSection(TestCaseManagementSettings) = postSolution
		CategoryFile = VsVim.vsmdi
	EndGlobalSection
EndGlobal
