
Microsoft Visual Studio Solution File, Format Version 11.00
# Visual Studio 2010
Project("{2150E333-8FDC-42A3-9474-1A3956D46DE8}") = "Solution Items", "Solution Items", "{7CD56D22-AAAA-4A93-8D98-1A014D9A6D39}"
EndProject
Project("{F2A71F9B-5D33-465A-A702-920D77279786}") = "VimCore", "VimCore\VimCore.fsproj", "{06BE08E7-8626-40BD-877B-8D2DCA6BA451}"
EndProject
Project("{FAE04EC0-301F-11D3-BF4B-00C04F79EFBC}") = "VimCoreTest", "VimCoreTest\VimCoreTest.csproj", "{B4FC7C81-E500-47C8-A884-2DBB7CA77123}"
EndProject
Project("{FAE04EC0-301F-11D3-BF4B-00C04F79EFBC}") = "VsVim", "VsVim\VsVim.csproj", "{11710F28-88D6-44DD-99DB-1F0AAA8CDAA0}"
EndProject
Project("{FAE04EC0-301F-11D3-BF4B-00C04F79EFBC}") = "VsVimTest", "VsVimTest\VsVimTest.csproj", "{0C79E8E6-EBBF-4342-B4C2-DCCF212A776B}"
EndProject
Project("{F2A71F9B-5D33-465A-A702-920D77279786}") = "DefaultVimHost", "DefaultVimHost\DefaultVimHost.fsproj", "{55C45629-A249-4D40-B9CE-6D455EE3BD0F}"
EndProject
Global
	GlobalSection(TestCaseManagementSettings) = postSolution
		CategoryFile = VsVim.vsmdi
	EndGlobalSection
	GlobalSection(SolutionConfigurationPlatforms) = preSolution
		Debug|Any CPU = Debug|Any CPU
		Release|Any CPU = Release|Any CPU
	EndGlobalSection
	GlobalSection(ProjectConfigurationPlatforms) = postSolution
		{06BE08E7-8626-40BD-877B-8D2DCA6BA451}.Debug|Any CPU.ActiveCfg = Debug|Any CPU
		{06BE08E7-8626-40BD-877B-8D2DCA6BA451}.Debug|Any CPU.Build.0 = Debug|Any CPU
		{06BE08E7-8626-40BD-877B-8D2DCA6BA451}.Release|Any CPU.ActiveCfg = Release|Any CPU
		{06BE08E7-8626-40BD-877B-8D2DCA6BA451}.Release|Any CPU.Build.0 = Release|Any CPU
		{B4FC7C81-E500-47C8-A884-2DBB7CA77123}.Debug|Any CPU.ActiveCfg = Debug|Any CPU
		{B4FC7C81-E500-47C8-A884-2DBB7CA77123}.Debug|Any CPU.Build.0 = Debug|Any CPU
		{B4FC7C81-E500-47C8-A884-2DBB7CA77123}.Release|Any CPU.ActiveCfg = Release|Any CPU
		{B4FC7C81-E500-47C8-A884-2DBB7CA77123}.Release|Any CPU.Build.0 = Release|Any CPU
		{11710F28-88D6-44DD-99DB-1F0AAA8CDAA0}.Debug|Any CPU.ActiveCfg = Debug|Any CPU
		{11710F28-88D6-44DD-99DB-1F0AAA8CDAA0}.Debug|Any CPU.Build.0 = Debug|Any CPU
		{11710F28-88D6-44DD-99DB-1F0AAA8CDAA0}.Release|Any CPU.ActiveCfg = Release|Any CPU
		{11710F28-88D6-44DD-99DB-1F0AAA8CDAA0}.Release|Any CPU.Build.0 = Release|Any CPU
		{0C79E8E6-EBBF-4342-B4C2-DCCF212A776B}.Debug|Any CPU.ActiveCfg = Debug|Any CPU
		{0C79E8E6-EBBF-4342-B4C2-DCCF212A776B}.Debug|Any CPU.Build.0 = Debug|Any CPU
		{0C79E8E6-EBBF-4342-B4C2-DCCF212A776B}.Release|Any CPU.ActiveCfg = Release|Any CPU
		{0C79E8E6-EBBF-4342-B4C2-DCCF212A776B}.Release|Any CPU.Build.0 = Release|Any CPU
		{55C45629-A249-4D40-B9CE-6D455EE3BD0F}.Debug|Any CPU.ActiveCfg = Debug|Any CPU
		{55C45629-A249-4D40-B9CE-6D455EE3BD0F}.Debug|Any CPU.Build.0 = Debug|Any CPU
		{55C45629-A249-4D40-B9CE-6D455EE3BD0F}.Release|Any CPU.ActiveCfg = Release|Any CPU
		{55C45629-A249-4D40-B9CE-6D455EE3BD0F}.Release|Any CPU.Build.0 = Release|Any CPU
	EndGlobalSection
	GlobalSection(SolutionProperties) = preSolution
		HideSolutionNode = FALSE
	EndGlobalSection
EndGlobal
